// !$*UTF8*$!
{
	archiveVersion = 1;
	classes = {
	};
	objectVersion = 50;
	objects = {

/* Begin PBXBuildFile section */
		BC05D95424E173D600631A42 /* AppDelegate.swift in Sources */ = {isa = PBXBuildFile; fileRef = BC05D95324E173D600631A42 /* AppDelegate.swift */; };
		BC05D95624E173D600631A42 /* SceneDelegate.swift in Sources */ = {isa = PBXBuildFile; fileRef = BC05D95524E173D600631A42 /* SceneDelegate.swift */; };
		BC05D95824E173D600631A42 /* ViewController.swift in Sources */ = {isa = PBXBuildFile; fileRef = BC05D95724E173D600631A42 /* ViewController.swift */; };
		BC05D95B24E173D600631A42 /* Main.storyboard in Resources */ = {isa = PBXBuildFile; fileRef = BC05D95924E173D600631A42 /* Main.storyboard */; };
		BC05D95D24E173DB00631A42 /* Assets.xcassets in Resources */ = {isa = PBXBuildFile; fileRef = BC05D95C24E173DB00631A42 /* Assets.xcassets */; };
		BC05D96024E173DB00631A42 /* LaunchScreen.storyboard in Resources */ = {isa = PBXBuildFile; fileRef = BC05D95E24E173DB00631A42 /* LaunchScreen.storyboard */; };
/* End PBXBuildFile section */

/* Begin PBXFileReference section */
		BC05D95024E173D600631A42 /* PocketDicee.app */ = {isa = PBXFileReference; explicitFileType = wrapper.application; includeInIndex = 0; path = PocketDicee.app; sourceTree = BUILT_PRODUCTS_DIR; };
		BC05D95324E173D600631A42 /* AppDelegate.swift */ = {isa = PBXFileReference; lastKnownFileType = sourcecode.swift; path = AppDelegate.swift; sourceTree = "<group>"; };
		BC05D95524E173D600631A42 /* SceneDelegate.swift */ = {isa = PBXFileReference; lastKnownFileType = sourcecode.swift; path = SceneDelegate.swift; sourceTree = "<group>"; };
		BC05D95724E173D600631A42 /* ViewController.swift */ = {isa = PBXFileReference; lastKnownFileType = sourcecode.swift; path = ViewController.swift; sourceTree = "<group>"; };
		BC05D95A24E173D600631A42 /* Base */ = {isa = PBXFileReference; lastKnownFileType = file.storyboard; name = Base; path = Base.lproj/Main.storyboard; sourceTree = "<group>"; };
		BC05D95C24E173DB00631A42 /* Assets.xcassets */ = {isa = PBXFileReference; lastKnownFileType = folder.assetcatalog; path = Assets.xcassets; sourceTree = "<group>"; };
		BC05D95F24E173DB00631A42 /* Base */ = {isa = PBXFileReference; lastKnownFileType = file.storyboard; name = Base; path = Base.lproj/LaunchScreen.storyboard; sourceTree = "<group>"; };
		BC05D96124E173DB00631A42 /* Info.plist */ = {isa = PBXFileReference; lastKnownFileType = text.plist.xml; path = Info.plist; sourceTree = "<group>"; };
/* End PBXFileReference section */

/* Begin PBXFrameworksBuildPhase section */
		BC05D94D24E173D600631A42 /* Frameworks */ = {
			isa = PBXFrameworksBuildPhase;
			buildActionMask = 2147483647;
			files = (
			);
			runOnlyForDeploymentPostprocessing = 0;
		};
/* End PBXFrameworksBuildPhase section */

/* Begin PBXGroup section */
		BC05D94724E173D600631A42 = {
			isa = PBXGroup;
			children = (
				BC05D95224E173D600631A42 /* PocketDicee */,
				BC05D95124E173D600631A42 /* Products */,
			);
			sourceTree = "<group>";
		};
		BC05D95124E173D600631A42 /* Products */ = {
			isa = PBXGroup;
			children = (
				BC05D95024E173D600631A42 /* PocketDicee.app */,
			);
			name = Products;
			sourceTree = "<group>";
		};
		BC05D95224E173D600631A42 /* PocketDicee */ = {
			isa = PBXGroup;
			children = (
				BC05D95324E173D600631A42 /* AppDelegate.swift */,
				BC05D95524E173D600631A42 /* SceneDelegate.swift */,
				BC05D95724E173D600631A42 /* ViewController.swift */,
				BC05D95924E173D600631A42 /* Main.storyboard */,
				BC05D95C24E173DB00631A42 /* Assets.xcassets */,
				BC05D95E24E173DB00631A42 /* LaunchScreen.storyboard */,
				BC05D96124E173DB00631A42 /* Info.plist */,
			);
			path = PocketDicee;
			sourceTree = "<group>";
		};
/* End PBXGroup section */

/* Begin PBXNativeTarget section */
		BC05D94F24E173D600631A42 /* PocketDicee */ = {
			isa = PBXNativeTarget;
			buildConfigurationList = BC05D96424E173DB00631A42 /* Build configuration list for PBXNativeTarget "PocketDicee" */;
			buildPhases = (
				BC05D94C24E173D600631A42 /* Sources */,
				BC05D94D24E173D600631A42 /* Frameworks */,
				BC05D94E24E173D600631A42 /* Resources */,
			);
			buildRules = (
			);
			dependencies = (
			);
			name = PocketDicee;
			productName = PocketDicee;
			productReference = BC05D95024E173D600631A42 /* PocketDicee.app */;
			productType = "com.apple.product-type.application";
		};
/* End PBXNativeTarget section */

/* Begin PBXProject section */
		BC05D94824E173D600631A42 /* Project object */ = {
			isa = PBXProject;
			attributes = {
				LastSwiftUpdateCheck = 1160;
				LastUpgradeCheck = 1160;
				ORGANIZATIONNAME = "Alan Silva";
				TargetAttributes = {
					BC05D94F24E173D600631A42 = {
						CreatedOnToolsVersion = 11.6;
					};
				};
			};
			buildConfigurationList = BC05D94B24E173D600631A42 /* Build configuration list for PBXProject "PocketDicee" */;
			compatibilityVersion = "Xcode 9.3";
			developmentRegion = en;
			hasScannedForEncodings = 0;
			knownRegions = (
				en,
				Base,
			);
			mainGroup = BC05D94724E173D600631A42;
			productRefGroup = BC05D95124E173D600631A42 /* Products */;
			projectDirPath = "";
			projectRoot = "";
			targets = (
				BC05D94F24E173D600631A42 /* PocketDicee */,
			);
		};
/* End PBXProject section */

/* Begin PBXResourcesBuildPhase section */
		BC05D94E24E173D600631A42 /* Resources */ = {
			isa = PBXResourcesBuildPhase;
			buildActionMask = 2147483647;
			files = (
				BC05D96024E173DB00631A42 /* LaunchScreen.storyboard in Resources */,
				BC05D95D24E173DB00631A42 /* Assets.xcassets in Resources */,
				BC05D95B24E173D600631A42 /* Main.storyboard in Resources */,
			);
			runOnlyForDeploymentPostprocessing = 0;
		};
/* End PBXResourcesBuildPhase section */

/* Begin PBXSourcesBuildPhase section */
		BC05D94C24E173D600631A42 /* Sources */ = {
			isa = PBXSourcesBuildPhase;
			buildActionMask = 2147483647;
			files = (
				BC05D95824E173D600631A42 /* ViewController.swift in Sources */,
				BC05D95424E173D600631A42 /* AppDelegate.swift in Sources */,
				BC05D95624E173D600631A42 /* SceneDelegate.swift in Sources */,
			);
			runOnlyForDeploymentPostprocessing = 0;
		};
/* End PBXSourcesBuildPhase section */

/* Begin PBXVariantGroup section */
		BC05D95924E173D600631A42 /* Main.storyboard */ = {
			isa = PBXVariantGroup;
			children = (
				BC05D95A24E173D600631A42 /* Base */,
			);
			name = Main.storyboard;
			sourceTree = "<group>";
		};
		BC05D95E24E173DB00631A42 /* LaunchScreen.storyboard */ = {
			isa = PBXVariantGroup;
			children = (
				BC05D95F24E173DB00631A42 /* Base */,
			);
			name = LaunchScreen.storyboard;
			sourceTree = "<group>";
		};
/* End PBXVariantGroup section */

/* Begin XCBuildConfiguration section */
		BC05D96224E173DB00631A42 /* Debug */ = {
			isa = XCBuildConfiguration;
			buildSettings = {
				ALWAYS_SEARCH_USER_PATHS = NO;
				CLANG_ANALYZER_NONNULL = YES;
				CLANG_ANALYZER_NUMBER_OBJECT_CONVERSION = YES_AGGRESSIVE;
				CLANG_CXX_LANGUAGE_STANDARD = "gnu++14";
				CLANG_CXX_LIBRARY = "libc++";
				CLANG_ENABLE_MODULES = YES;
				CLANG_ENABLE_OBJC_ARC = YES;
				CLANG_ENABLE_OBJC_WEAK = YES;
				CLANG_WARN_BLOCK_CAPTURE_AUTORELEASING = YES;
				CLANG_WARN_BOOL_CONVERSION = YES;
				CLANG_WARN_COMMA = YES;
				CLANG_WARN_CONSTANT_CONVERSION = YES;
				CLANG_WARN_DEPRECATED_OBJC_IMPLEMENTATIONS = YES;
				CLANG_WARN_DIRECT_OBJC_ISA_USAGE = YES_ERROR;
				CLANG_WARN_DOCUMENTATION_COMMENTS = YES;
				CLANG_WARN_EMPTY_BODY = YES;
				CLANG_WARN_ENUM_CONVERSION = YES;
				CLANG_WARN_INFINITE_RECURSION = YES;
				CLANG_WARN_INT_CONVERSION = YES;
				CLANG_WARN_NON_LITERAL_NULL_CONVERSION = YES;
				CLANG_WARN_OBJC_IMPLICIT_RETAIN_SELF = YES;
				CLANG_WARN_OBJC_LITERAL_CONVERSION = YES;
				CLANG_WARN_OBJC_ROOT_CLASS = YES_ERROR;
				CLANG_WARN_RANGE_LOOP_ANALYSIS = YES;
				CLANG_WARN_STRICT_PROTOTYPES = YES;
				CLANG_WARN_SUSPICIOUS_MOVE = YES;
				CLANG_WARN_UNGUARDED_AVAILABILITY = YES_AGGRESSIVE;
				CLANG_WARN_UNREACHABLE_CODE = YES;
				CLANG_WARN__DUPLICATE_METHOD_MATCH = YES;
				COPY_PHASE_STRIP = NO;
				DEBUG_INFORMATION_FORMAT = dwarf;
				ENABLE_STRICT_OBJC_MSGSEND = YES;
				ENABLE_TESTABILITY = YES;
				GCC_C_LANGUAGE_STANDARD = gnu11;
				GCC_DYNAMIC_NO_PIC = NO;
				GCC_NO_COMMON_BLOCKS = YES;
				GCC_OPTIMIZATION_LEVEL = 0;
				GCC_PREPROCESSOR_DEFINITIONS = (
					"DEBUG=1",
					"$(inherited)",
				);
				GCC_WARN_64_TO_32_BIT_CONVERSION = YES;
				GCC_WARN_ABOUT_RETURN_TYPE = YES_ERROR;
				GCC_WARN_UNDECLARED_SELECTOR = YES;
				GCC_WARN_UNINITIALIZED_AUTOS = YES_AGGRESSIVE;
				GCC_WARN_UNUSED_FUNCTION = YES;
				GCC_WARN_UNUSED_VARIABLE = YES;
				IPHONEOS_DEPLOYMENT_TARGET = 13.6;
				MTL_ENABLE_DEBUG_INFO = INCLUDE_SOURCE;
				MTL_FAST_MATH = YES;
				ONLY_ACTIVE_ARCH = YES;
				SDKROOT = iphoneos;
				SWIFT_ACTIVE_COMPILATION_CONDITIONS = DEBUG;
				SWIFT_OPTIMIZATION_LEVEL = "-Onone";
			};
			name = Debug;
		};
		BC05D96324E173DB00631A42 /* Release */ = {
			isa = XCBuildConfiguration;
			buildSettings = {
				ALWAYS_SEARCH_USER_PATHS = NO;
				CLANG_ANALYZER_NONNULL = YES;
				CLANG_ANALYZER_NUMBER_OBJECT_CONVERSION = YES_AGGRESSIVE;
				CLANG_CXX_LANGUAGE_STANDARD = "gnu++14";
				CLANG_CXX_LIBRARY = "libc++";
				CLANG_ENABLE_MODULES = YES;
				CLANG_ENABLE_OBJC_ARC = YES;
				CLANG_ENABLE_OBJC_WEAK = YES;
				CLANG_WARN_BLOCK_CAPTURE_AUTORELEASING = YES;
				CLANG_WARN_BOOL_CONVERSION = YES;
				CLANG_WARN_COMMA = YES;
				CLANG_WARN_CONSTANT_CONVERSION = YES;
				CLANG_WARN_DEPRECATED_OBJC_IMPLEMENTATIONS = YES;
				CLANG_WARN_DIRECT_OBJC_ISA_USAGE = YES_ERROR;
				CLANG_WARN_DOCUMENTATION_COMMENTS = YES;
				CLANG_WARN_EMPTY_BODY = YES;
				CLANG_WARN_ENUM_CONVERSION = YES;
				CLANG_WARN_INFINITE_RECURSION = YES;
				CLANG_WARN_INT_CONVERSION = YES;
				CLANG_WARN_NON_LITERAL_NULL_CONVERSION = YES;
				CLANG_WARN_OBJC_IMPLICIT_RETAIN_SELF = YES;
				CLANG_WARN_OBJC_LITERAL_CONVERSION = YES;
				CLANG_WARN_OBJC_ROOT_CLASS = YES_ERROR;
				CLANG_WARN_RANGE_LOOP_ANALYSIS = YES;
				CLANG_WARN_STRICT_PROTOTYPES = YES;
				CLANG_WARN_SUSPICIOUS_MOVE = YES;
				CLANG_WARN_UNGUARDED_AVAILABILITY = YES_AGGRESSIVE;
				CLANG_WARN_UNREACHABLE_CODE = YES;
				CLANG_WARN__DUPLICATE_METHOD_MATCH = YES;
				COPY_PHASE_STRIP = NO;
				DEBUG_INFORMATION_FORMAT = "dwarf-with-dsym";
				ENABLE_NS_ASSERTIONS = NO;
				ENABLE_STRICT_OBJC_MSGSEND = YES;
				GCC_C_LANGUAGE_STANDARD = gnu11;
				GCC_NO_COMMON_BLOCKS = YES;
				GCC_WARN_64_TO_32_BIT_CONVERSION = YES;
				GCC_WARN_ABOUT_RETURN_TYPE = YES_ERROR;
				GCC_WARN_UNDECLARED_SELECTOR = YES;
				GCC_WARN_UNINITIALIZED_AUTOS = YES_AGGRESSIVE;
				GCC_WARN_UNUSED_FUNCTION = YES;
				GCC_WARN_UNUSED_VARIABLE = YES;
				IPHONEOS_DEPLOYMENT_TARGET = 13.6;
				MTL_ENABLE_DEBUG_INFO = NO;
				MTL_FAST_MATH = YES;
				SDKROOT = iphoneos;
				SWIFT_COMPILATION_MODE = wholemodule;
				SWIFT_OPTIMIZATION_LEVEL = "-O";
				VALIDATE_PRODUCT = YES;
			};
			name = Release;
		};
		BC05D96524E173DB00631A42 /* Debug */ = {
			isa = XCBuildConfiguration;
			buildSettings = {
				ASSETCATALOG_COMPILER_APPICON_NAME = AppIcon;
				CODE_SIGN_STYLE = Automatic;
				DEVELOPMENT_TEAM = ZFB9PS3322;
				INFOPLIST_FILE = PocketDicee/Info.plist;
				LD_RUNPATH_SEARCH_PATHS = (
					"$(inherited)",
					"@executable_path/Frameworks",
				);
				PRODUCT_BUNDLE_IDENTIFIER = Alan.PocketDicee;
				PRODUCT_NAME = "$(TARGET_NAME)";
				SWIFT_VERSION = 5.0;
				TARGETED_DEVICE_FAMILY = "1,2";
			};
			name = Debug;
		};
		BC05D96624E173DB00631A42 /* Release */ = {
			isa = XCBuildConfiguration;
			buildSettings = {
				ASSETCATALOG_COMPILER_APPICON_NAME = AppIcon;
				CODE_SIGN_STYLE = Automatic;
				DEVELOPMENT_TEAM = ZFB9PS3322;
				INFOPLIST_FILE = PocketDicee/Info.plist;
				LD_RUNPATH_SEARCH_PATHS = (
					"$(inherited)",
					"@executable_path/Frameworks",
				);
				PRODUCT_BUNDLE_IDENTIFIER = Alan.PocketDicee;
				PRODUCT_NAME = "$(TARGET_NAME)";
				SWIFT_VERSION = 5.0;
				TARGETED_DEVICE_FAMILY = "1,2";
			};
			name = Release;
		};
/* End XCBuildConfiguration section */

/* Begin XCConfigurationList section */
		BC05D94B24E173D600631A42 /* Build configuration list for PBXProject "PocketDicee" */ = {
			isa = XCConfigurationList;
			buildConfigurations = (
				BC05D96224E173DB00631A42 /* Debug */,
				BC05D96324E173DB00631A42 /* Release */,
			);
			defaultConfigurationIsVisible = 0;
			defaultConfigurationName = Release;
		};
		BC05D96424E173DB00631A42 /* Build configuration list for PBXNativeTarget "PocketDicee" */ = {
			isa = XCConfigurationList;
			buildConfigurations = (
				BC05D96524E173DB00631A42 /* Debug */,
				BC05D96624E173DB00631A42 /* Release */,
			);
			defaultConfigurationIsVisible = 0;
			defaultConfigurationName = Release;
		};
/* End XCConfigurationList section */
	};
	rootObject = BC05D94824E173D600631A42 /* Project object */;
}
